{
  "requires": true,
  "lockfileVersion": 1,
  "dependencies": {
    "@splidejs/react-splide": {
      "version": "0.7.7",
      "resolved": "https://registry.npmjs.org/@splidejs/react-splide/-/react-splide-0.7.7.tgz",
      "integrity": "sha512-dsPqtpzIqHISrqWTqqGfX7rYjg37sALZDmLUDMxajIzshVDgcdj896QV9/tGqJmUWqRWFokotTCrAd7bRpXfLA==",
      "requires": {
        "@splidejs/splide": "^4.0.6"
      }
    },
    "@splidejs/splide": {
      "version": "4.0.6",
      "resolved": "https://registry.npmjs.org/@splidejs/splide/-/splide-4.0.6.tgz",
      "integrity": "sha512-JHJJX08qAe5N33p6TKBAs5hRkJHmmG+Kh9LPWkOQgcV07yG+YEiY26lXi/xbH6Rb0UUxbs3Y3Iz/1WYjmfGhjA=="
    }
  }
}
